
Microsoft Visual Studio Solution File, Format Version 12.00
# Visual Studio Version 17
VisualStudioVersion = 17.13.35931.197
MinimumVisualStudioVersion = 10.0.40219.1
Project("{FAE04EC0-301F-11D3-BF4B-00C04F79EFBC}") = "OLD CET 2007 Assignment 1", "CET 2007 Assignment 1\OLD CET 2007 Assignment 1.csproj", "{B322E51B-5D50-4485-BA7D-45D600AFE2A5}"
EndProject
Project("{FAE04EC0-301F-11D3-BF4B-00C04F79EFBC}") = "NET CET 2007 Assignment 1", "ConsoleApp1\NET CET 2007 Assignment 1.csproj", "{53D0CEDD-BCDD-433D-B8F8-9631171B3DFA}"
EndProject
Global
	GlobalSection(SolutionConfigurationPlatforms) = preSolution
		Debug|Any CPU = Debug|Any CPU
		Release|Any CPU = Release|Any CPU
	EndGlobalSection
	GlobalSection(ProjectConfigurationPlatforms) = postSolution
		{B322E51B-5D50-4485-BA7D-45D600AFE2A5}.Debug|Any CPU.ActiveCfg = Debug|Any CPU
		{B322E51B-5D50-4485-BA7D-45D600AFE2A5}.Debug|Any CPU.Build.0 = Debug|Any CPU
		{B322E51B-5D50-4485-BA7D-45D600AFE2A5}.Release|Any CPU.ActiveCfg = Release|Any CPU
		{B322E51B-5D50-4485-BA7D-45D600AFE2A5}.Release|Any CPU.Build.0 = Release|Any CPU
		{53D0CEDD-BCDD-433D-B8F8-9631171B3DFA}.Debug|Any CPU.ActiveCfg = Debug|Any CPU
		{53D0CEDD-BCDD-433D-B8F8-9631171B3DFA}.Debug|Any CPU.Build.0 = Debug|Any CPU
		{53D0CEDD-BCDD-433D-B8F8-9631171B3DFA}.Release|Any CPU.ActiveCfg = Release|Any CPU
		{53D0CEDD-BCDD-433D-B8F8-9631171B3DFA}.Release|Any CPU.Build.0 = Release|Any CPU
	EndGlobalSection
	GlobalSection(SolutionProperties) = preSolution
		HideSolutionNode = FALSE
	EndGlobalSection
	GlobalSection(ExtensibilityGlobals) = postSolution
		SolutionGuid = {D3368002-7BB6-457F-BAC7-94142DB533A1}
	EndGlobalSection
EndGlobal
