
Microsoft Visual Studio Solution File, Format Version 12.00
# Visual Studio Version 17
VisualStudioVersion = 17.13.35806.99 d17.13
MinimumVisualStudioVersion = 10.0.40219.1
Project("{FAE04EC0-301F-11D3-BF4B-00C04F79EFBC}") = "CET2007_NET472VERSION", "CET2007_NET472VERSION\CET2007_NET472VERSION.csproj", "{520647DC-1DF6-4E91-A532-FAAA7F72DF20}"
EndProject
Global
	GlobalSection(SolutionConfigurationPlatforms) = preSolution
		Debug|Any CPU = Debug|Any CPU
		Release|Any CPU = Release|Any CPU
	EndGlobalSection
	GlobalSection(ProjectConfigurationPlatforms) = postSolution
		{520647DC-1DF6-4E91-A532-FAAA7F72DF20}.Debug|Any CPU.ActiveCfg = Debug|Any CPU
		{520647DC-1DF6-4E91-A532-FAAA7F72DF20}.Debug|Any CPU.Build.0 = Debug|Any CPU
		{520647DC-1DF6-4E91-A532-FAAA7F72DF20}.Release|Any CPU.ActiveCfg = Release|Any CPU
		{520647DC-1DF6-4E91-A532-FAAA7F72DF20}.Release|Any CPU.Build.0 = Release|Any CPU
	EndGlobalSection
	GlobalSection(SolutionProperties) = preSolution
		HideSolutionNode = FALSE
	EndGlobalSection
	GlobalSection(ExtensibilityGlobals) = postSolution
		SolutionGuid = {AE320BA0-696B-436D-A3F7-CFA0AFE543A7}
	EndGlobalSection
EndGlobal
